// !$*UTF8*$!
{
	archiveVersion = 1;
	classes = {
	};
	objectVersion = 55;
	objects = {

/* Begin PBXBuildFile section */
		4E1920CE27FC31D40028AC05 /* WebServiceApp.swift in Sources */ = {isa = PBXBuildFile; fileRef = 4E1920CD27FC31D40028AC05 /* WebServiceApp.swift */; };
		4E1920D027FC31D40028AC05 /* ContentView.swift in Sources */ = {isa = PBXBuildFile; fileRef = 4E1920CF27FC31D40028AC05 /* ContentView.swift */; };
		4E1920D227FC31D60028AC05 /* Assets.xcassets in Resources */ = {isa = PBXBuildFile; fileRef = 4E1920D127FC31D60028AC05 /* Assets.xcassets */; };
		4E1920D527FC31D60028AC05 /* Preview Assets.xcassets in Resources */ = {isa = PBXBuildFile; fileRef = 4E1920D427FC31D60028AC05 /* Preview Assets.xcassets */; };
		4E1FAFE828207DFB00AA6587 /* WeatherView.swift in Sources */ = {isa = PBXBuildFile; fileRef = 4E1FAFE728207DFB00AA6587 /* WeatherView.swift */; };
		4E2F0B3C282067BF00CD86AB /* LocationManager.swift in Sources */ = {isa = PBXBuildFile; fileRef = 4E2F0B3B282067BF00CD86AB /* LocationManager.swift */; };
		4E2F0B3E2820685500CD86AB /* WelcomeView.swift in Sources */ = {isa = PBXBuildFile; fileRef = 4E2F0B3D2820685400CD86AB /* WelcomeView.swift */; };
		4E2F0B4428206F6600CD86AB /* LoadingView.swift in Sources */ = {isa = PBXBuildFile; fileRef = 4E2F0B4328206F6600CD86AB /* LoadingView.swift */; };
		4E2F0B482820772B00CD86AB /* WeatherManager.swift in Sources */ = {isa = PBXBuildFile; fileRef = 4E2F0B472820772B00CD86AB /* WeatherManager.swift */; };
		4E6097182829CF1F00FBAFC2 /* testjson in Resources */ = {isa = PBXBuildFile; fileRef = 4E6097172829CF1F00FBAFC2 /* testjson */; };
		4E60971A2829D05100FBAFC2 /* WeatherData_1call.swift in Sources */ = {isa = PBXBuildFile; fileRef = 4E6097192829D05100FBAFC2 /* WeatherData_1call.swift */; };
		4E9F500128114CA500BF2BDB /* WeatherData.swift in Sources */ = {isa = PBXBuildFile; fileRef = 4E9F500028114CA500BF2BDB /* WeatherData.swift */; };
		4EDEC23A2804D35400AD6D4E /* Alamofire in Frameworks */ = {isa = PBXBuildFile; productRef = 4EDEC2392804D35400AD6D4E /* Alamofire */; };
/* End PBXBuildFile section */

/* Begin PBXFileReference section */
		4E1920CA27FC31D40028AC05 /* WebService.app */ = {isa = PBXFileReference; explicitFileType = wrapper.application; includeInIndex = 0; path = WebService.app; sourceTree = BUILT_PRODUCTS_DIR; };
		4E1920CD27FC31D40028AC05 /* WebServiceApp.swift */ = {isa = PBXFileReference; lastKnownFileType = sourcecode.swift; path = WebServiceApp.swift; sourceTree = "<group>"; };
		4E1920CF27FC31D40028AC05 /* ContentView.swift */ = {isa = PBXFileReference; lastKnownFileType = sourcecode.swift; path = ContentView.swift; sourceTree = "<group>"; };
		4E1920D127FC31D60028AC05 /* Assets.xcassets */ = {isa = PBXFileReference; lastKnownFileType = folder.assetcatalog; path = Assets.xcassets; sourceTree = "<group>"; };
		4E1920D427FC31D60028AC05 /* Preview Assets.xcassets */ = {isa = PBXFileReference; lastKnownFileType = folder.assetcatalog; path = "Preview Assets.xcassets"; sourceTree = "<group>"; };
		4E1FAFE728207DFB00AA6587 /* WeatherView.swift */ = {isa = PBXFileReference; lastKnownFileType = sourcecode.swift; path = WeatherView.swift; sourceTree = "<group>"; };
		4E2F0B3B282067BF00CD86AB /* LocationManager.swift */ = {isa = PBXFileReference; lastKnownFileType = sourcecode.swift; path = LocationManager.swift; sourceTree = "<group>"; };
		4E2F0B3D2820685400CD86AB /* WelcomeView.swift */ = {isa = PBXFileReference; lastKnownFileType = sourcecode.swift; path = WelcomeView.swift; sourceTree = "<group>"; };
		4E2F0B4328206F6600CD86AB /* LoadingView.swift */ = {isa = PBXFileReference; lastKnownFileType = sourcecode.swift; path = LoadingView.swift; sourceTree = "<group>"; };
		4E2F0B472820772B00CD86AB /* WeatherManager.swift */ = {isa = PBXFileReference; lastKnownFileType = sourcecode.swift; path = WeatherManager.swift; sourceTree = "<group>"; };
		4E6097172829CF1F00FBAFC2 /* testjson */ = {isa = PBXFileReference; lastKnownFileType = text; path = testjson; sourceTree = "<group>"; };
		4E6097192829D05100FBAFC2 /* WeatherData_1call.swift */ = {isa = PBXFileReference; lastKnownFileType = sourcecode.swift; path = WeatherData_1call.swift; sourceTree = "<group>"; };
		4E9F500028114CA500BF2BDB /* WeatherData.swift */ = {isa = PBXFileReference; lastKnownFileType = sourcecode.swift; path = WeatherData.swift; sourceTree = "<group>"; };
/* End PBXFileReference section */

/* Begin PBXFrameworksBuildPhase section */
		4E1920C727FC31D40028AC05 /* Frameworks */ = {
			isa = PBXFrameworksBuildPhase;
			buildActionMask = 2147483647;
			files = (
				4EDEC23A2804D35400AD6D4E /* Alamofire in Frameworks */,
			);
			runOnlyForDeploymentPostprocessing = 0;
		};
/* End PBXFrameworksBuildPhase section */

/* Begin PBXGroup section */
		4E1920C127FC31D40028AC05 = {
			isa = PBXGroup;
			children = (
				4E6097172829CF1F00FBAFC2 /* testjson */,
				4E1920CC27FC31D40028AC05 /* WebService */,
				4E1920CB27FC31D40028AC05 /* Products */,
			);
			sourceTree = "<group>";
		};
		4E1920CB27FC31D40028AC05 /* Products */ = {
			isa = PBXGroup;
			children = (
				4E1920CA27FC31D40028AC05 /* WebService.app */,
			);
			name = Products;
			sourceTree = "<group>";
		};
		4E1920CC27FC31D40028AC05 /* WebService */ = {
			isa = PBXGroup;
			children = (
				4E1920CD27FC31D40028AC05 /* WebServiceApp.swift */,
				4E2F0B3F2820699900CD86AB /* Managers */,
				4E2F0B4228206E0400CD86AB /* Views */,
				4E9F500228114D7B00BF2BDB /* Model */,
				4E1920D127FC31D60028AC05 /* Assets.xcassets */,
				4E1920D327FC31D60028AC05 /* Preview Content */,
			);
			path = WebService;
			sourceTree = "<group>";
		};
		4E1920D327FC31D60028AC05 /* Preview Content */ = {
			isa = PBXGroup;
			children = (
				4E1920D427FC31D60028AC05 /* Preview Assets.xcassets */,
			);
			path = "Preview Content";
			sourceTree = "<group>";
		};
		4E2F0B3F2820699900CD86AB /* Managers */ = {
			isa = PBXGroup;
			children = (
				4E2F0B472820772B00CD86AB /* WeatherManager.swift */,
				4E2F0B3B282067BF00CD86AB /* LocationManager.swift */,
			);
			path = Managers;
			sourceTree = "<group>";
		};
		4E2F0B4228206E0400CD86AB /* Views */ = {
			isa = PBXGroup;
			children = (
				4E1920CF27FC31D40028AC05 /* ContentView.swift */,
				4E1FAFE728207DFB00AA6587 /* WeatherView.swift */,
				4E2F0B4328206F6600CD86AB /* LoadingView.swift */,
				4E2F0B3D2820685400CD86AB /* WelcomeView.swift */,
			);
			path = Views;
			sourceTree = "<group>";
		};
		4E9F500228114D7B00BF2BDB /* Model */ = {
			isa = PBXGroup;
			children = (
				4E9F500028114CA500BF2BDB /* WeatherData.swift */,
				4E6097192829D05100FBAFC2 /* WeatherData_1call.swift */,
			);
			path = Model;
			sourceTree = "<group>";
		};
/* End PBXGroup section */

/* Begin PBXNativeTarget section */
		4E1920C927FC31D40028AC05 /* WebService */ = {
			isa = PBXNativeTarget;
			buildConfigurationList = 4E1920D827FC31D60028AC05 /* Build configuration list for PBXNativeTarget "WebService" */;
			buildPhases = (
				4E1920C627FC31D40028AC05 /* Sources */,
				4E1920C727FC31D40028AC05 /* Frameworks */,
				4E1920C827FC31D40028AC05 /* Resources */,
			);
			buildRules = (
			);
			dependencies = (
			);
			name = WebService;
			packageProductDependencies = (
				4EDEC2392804D35400AD6D4E /* Alamofire */,
			);
			productName = WebService;
			productReference = 4E1920CA27FC31D40028AC05 /* WebService.app */;
			productType = "com.apple.product-type.application";
		};
/* End PBXNativeTarget section */

/* Begin PBXProject section */
		4E1920C227FC31D40028AC05 /* Project object */ = {
			isa = PBXProject;
			attributes = {
				BuildIndependentTargetsInParallel = 1;
				LastSwiftUpdateCheck = 1330;
				LastUpgradeCheck = 1330;
				TargetAttributes = {
					4E1920C927FC31D40028AC05 = {
						CreatedOnToolsVersion = 13.3;
					};
				};
			};
			buildConfigurationList = 4E1920C527FC31D40028AC05 /* Build configuration list for PBXProject "WebService" */;
			compatibilityVersion = "Xcode 13.0";
			developmentRegion = en;
			hasScannedForEncodings = 0;
			knownRegions = (
				en,
				Base,
			);
			mainGroup = 4E1920C127FC31D40028AC05;
			packageReferences = (
				4EDEC2382804D35400AD6D4E /* XCRemoteSwiftPackageReference "Alamofire" */,
			);
			productRefGroup = 4E1920CB27FC31D40028AC05 /* Products */;
			projectDirPath = "";
			projectRoot = "";
			targets = (
				4E1920C927FC31D40028AC05 /* WebService */,
			);
		};
/* End PBXProject section */

/* Begin PBXResourcesBuildPhase section */
		4E1920C827FC31D40028AC05 /* Resources */ = {
			isa = PBXResourcesBuildPhase;
			buildActionMask = 2147483647;
			files = (
				4E1920D527FC31D60028AC05 /* Preview Assets.xcassets in Resources */,
				4E1920D227FC31D60028AC05 /* Assets.xcassets in Resources */,
				4E6097182829CF1F00FBAFC2 /* testjson in Resources */,
			);
			runOnlyForDeploymentPostprocessing = 0;
		};
/* End PBXResourcesBuildPhase section */

/* Begin PBXSourcesBuildPhase section */
		4E1920C627FC31D40028AC05 /* Sources */ = {
			isa = PBXSourcesBuildPhase;
			buildActionMask = 2147483647;
			files = (
				4E60971A2829D05100FBAFC2 /* WeatherData_1call.swift in Sources */,
				4E1920D027FC31D40028AC05 /* ContentView.swift in Sources */,
				4E2F0B3E2820685500CD86AB /* WelcomeView.swift in Sources */,
				4E2F0B482820772B00CD86AB /* WeatherManager.swift in Sources */,
				4E1920CE27FC31D40028AC05 /* WebServiceApp.swift in Sources */,
				4E2F0B3C282067BF00CD86AB /* LocationManager.swift in Sources */,
				4E1FAFE828207DFB00AA6587 /* WeatherView.swift in Sources */,
				4E2F0B4428206F6600CD86AB /* LoadingView.swift in Sources */,
				4E9F500128114CA500BF2BDB /* WeatherData.swift in Sources */,
			);
			runOnlyForDeploymentPostprocessing = 0;
		};
/* End PBXSourcesBuildPhase section */

/* Begin XCBuildConfiguration section */
		4E1920D627FC31D60028AC05 /* Debug */ = {
			isa = XCBuildConfiguration;
			buildSettings = {
				ALWAYS_SEARCH_USER_PATHS = NO;
				CLANG_ANALYZER_NONNULL = YES;
				CLANG_ANALYZER_NUMBER_OBJECT_CONVERSION = YES_AGGRESSIVE;
				CLANG_CXX_LANGUAGE_STANDARD = "gnu++17";
				CLANG_ENABLE_MODULES = YES;
				CLANG_ENABLE_OBJC_ARC = YES;
				CLANG_ENABLE_OBJC_WEAK = YES;
				CLANG_WARN_BLOCK_CAPTURE_AUTORELEASING = YES;
				CLANG_WARN_BOOL_CONVERSION = YES;
				CLANG_WARN_COMMA = YES;
				CLANG_WARN_CONSTANT_CONVERSION = YES;
				CLANG_WARN_DEPRECATED_OBJC_IMPLEMENTATIONS = YES;
				CLANG_WARN_DIRECT_OBJC_ISA_USAGE = YES_ERROR;
				CLANG_WARN_DOCUMENTATION_COMMENTS = YES;
				CLANG_WARN_EMPTY_BODY = YES;
				CLANG_WARN_ENUM_CONVERSION = YES;
				CLANG_WARN_INFINITE_RECURSION = YES;
				CLANG_WARN_INT_CONVERSION = YES;
				CLANG_WARN_NON_LITERAL_NULL_CONVERSION = YES;
				CLANG_WARN_OBJC_IMPLICIT_RETAIN_SELF = YES;
				CLANG_WARN_OBJC_LITERAL_CONVERSION = YES;
				CLANG_WARN_OBJC_ROOT_CLASS = YES_ERROR;
				CLANG_WARN_QUOTED_INCLUDE_IN_FRAMEWORK_HEADER = YES;
				CLANG_WARN_RANGE_LOOP_ANALYSIS = YES;
				CLANG_WARN_STRICT_PROTOTYPES = YES;
				CLANG_WARN_SUSPICIOUS_MOVE = YES;
				CLANG_WARN_UNGUARDED_AVAILABILITY = YES_AGGRESSIVE;
				CLANG_WARN_UNREACHABLE_CODE = YES;
				CLANG_WARN__DUPLICATE_METHOD_MATCH = YES;
				COPY_PHASE_STRIP = NO;
				DEBUG_INFORMATION_FORMAT = dwarf;
				ENABLE_STRICT_OBJC_MSGSEND = YES;
				ENABLE_TESTABILITY = YES;
				GCC_C_LANGUAGE_STANDARD = gnu11;
				GCC_DYNAMIC_NO_PIC = NO;
				GCC_NO_COMMON_BLOCKS = YES;
				GCC_OPTIMIZATION_LEVEL = 0;
				GCC_PREPROCESSOR_DEFINITIONS = (
					"DEBUG=1",
					"$(inherited)",
				);
				GCC_WARN_64_TO_32_BIT_CONVERSION = YES;
				GCC_WARN_ABOUT_RETURN_TYPE = YES_ERROR;
				GCC_WARN_UNDECLARED_SELECTOR = YES;
				GCC_WARN_UNINITIALIZED_AUTOS = YES_AGGRESSIVE;
				GCC_WARN_UNUSED_FUNCTION = YES;
				GCC_WARN_UNUSED_VARIABLE = YES;
				IPHONEOS_DEPLOYMENT_TARGET = 15.3;
				MTL_ENABLE_DEBUG_INFO = INCLUDE_SOURCE;
				MTL_FAST_MATH = YES;
				ONLY_ACTIVE_ARCH = YES;
				SDKROOT = iphoneos;
				SWIFT_ACTIVE_COMPILATION_CONDITIONS = DEBUG;
				SWIFT_OPTIMIZATION_LEVEL = "-Onone";
			};
			name = Debug;
		};
		4E1920D727FC31D60028AC05 /* Release */ = {
			isa = XCBuildConfiguration;
			buildSettings = {
				ALWAYS_SEARCH_USER_PATHS = NO;
				CLANG_ANALYZER_NONNULL = YES;
				CLANG_ANALYZER_NUMBER_OBJECT_CONVERSION = YES_AGGRESSIVE;
				CLANG_CXX_LANGUAGE_STANDARD = "gnu++17";
				CLANG_ENABLE_MODULES = YES;
				CLANG_ENABLE_OBJC_ARC = YES;
				CLANG_ENABLE_OBJC_WEAK = YES;
				CLANG_WARN_BLOCK_CAPTURE_AUTORELEASING = YES;
				CLANG_WARN_BOOL_CONVERSION = YES;
				CLANG_WARN_COMMA = YES;
				CLANG_WARN_CONSTANT_CONVERSION = YES;
				CLANG_WARN_DEPRECATED_OBJC_IMPLEMENTATIONS = YES;
				CLANG_WARN_DIRECT_OBJC_ISA_USAGE = YES_ERROR;
				CLANG_WARN_DOCUMENTATION_COMMENTS = YES;
				CLANG_WARN_EMPTY_BODY = YES;
				CLANG_WARN_ENUM_CONVERSION = YES;
				CLANG_WARN_INFINITE_RECURSION = YES;
				CLANG_WARN_INT_CONVERSION = YES;
				CLANG_WARN_NON_LITERAL_NULL_CONVERSION = YES;
				CLANG_WARN_OBJC_IMPLICIT_RETAIN_SELF = YES;
				CLANG_WARN_OBJC_LITERAL_CONVERSION = YES;
				CLANG_WARN_OBJC_ROOT_CLASS = YES_ERROR;
				CLANG_WARN_QUOTED_INCLUDE_IN_FRAMEWORK_HEADER = YES;
				CLANG_WARN_RANGE_LOOP_ANALYSIS = YES;
				CLANG_WARN_STRICT_PROTOTYPES = YES;
				CLANG_WARN_SUSPICIOUS_MOVE = YES;
				CLANG_WARN_UNGUARDED_AVAILABILITY = YES_AGGRESSIVE;
				CLANG_WARN_UNREACHABLE_CODE = YES;
				CLANG_WARN__DUPLICATE_METHOD_MATCH = YES;
				COPY_PHASE_STRIP = NO;
				DEBUG_INFORMATION_FORMAT = "dwarf-with-dsym";
				ENABLE_NS_ASSERTIONS = NO;
				ENABLE_STRICT_OBJC_MSGSEND = YES;
				GCC_C_LANGUAGE_STANDARD = gnu11;
				GCC_NO_COMMON_BLOCKS = YES;
				GCC_WARN_64_TO_32_BIT_CONVERSION = YES;
				GCC_WARN_ABOUT_RETURN_TYPE = YES_ERROR;
				GCC_WARN_UNDECLARED_SELECTOR = YES;
				GCC_WARN_UNINITIALIZED_AUTOS = YES_AGGRESSIVE;
				GCC_WARN_UNUSED_FUNCTION = YES;
				GCC_WARN_UNUSED_VARIABLE = YES;
				IPHONEOS_DEPLOYMENT_TARGET = 15.3;
				MTL_ENABLE_DEBUG_INFO = NO;
				MTL_FAST_MATH = YES;
				SDKROOT = iphoneos;
				SWIFT_COMPILATION_MODE = wholemodule;
				SWIFT_OPTIMIZATION_LEVEL = "-O";
				VALIDATE_PRODUCT = YES;
			};
			name = Release;
		};
		4E1920D927FC31D60028AC05 /* Debug */ = {
			isa = XCBuildConfiguration;
			buildSettings = {
				ASSETCATALOG_COMPILER_APPICON_NAME = AppIcon;
				ASSETCATALOG_COMPILER_GLOBAL_ACCENT_COLOR_NAME = AccentColor;
				CODE_SIGN_STYLE = Automatic;
				CURRENT_PROJECT_VERSION = 1;
				DEVELOPMENT_ASSET_PATHS = "\"WebService/Preview Content\"";
				DEVELOPMENT_TEAM = J566499KXW;
				ENABLE_PREVIEWS = YES;
				GENERATE_INFOPLIST_FILE = YES;
				INFOPLIST_FILE = WebService/Info.plist;
				INFOPLIST_KEY_CFBundleDisplayName = WebService;
				INFOPLIST_KEY_UIApplicationSceneManifest_Generation = YES;
				INFOPLIST_KEY_UIApplicationSupportsIndirectInputEvents = YES;
				INFOPLIST_KEY_UILaunchScreen_Generation = YES;
				INFOPLIST_KEY_UISupportedInterfaceOrientations_iPad = "UIInterfaceOrientationPortrait UIInterfaceOrientationPortraitUpsideDown UIInterfaceOrientationLandscapeLeft UIInterfaceOrientationLandscapeRight";
				INFOPLIST_KEY_UISupportedInterfaceOrientations_iPhone = "UIInterfaceOrientationPortrait UIInterfaceOrientationLandscapeLeft UIInterfaceOrientationLandscapeRight";
				LD_RUNPATH_SEARCH_PATHS = (
					"$(inherited)",
					"@executable_path/Frameworks",
				);
				MARKETING_VERSION = 1.0;
				PRODUCT_BUNDLE_IDENTIFIER = com.gomma.WebService;
				PRODUCT_NAME = "$(TARGET_NAME)";
				SWIFT_EMIT_LOC_STRINGS = YES;
				SWIFT_VERSION = 5.0;
				TARGETED_DEVICE_FAMILY = "1,2";
			};
			name = Debug;
		};
		4E1920DA27FC31D60028AC05 /* Release */ = {
			isa = XCBuildConfiguration;
			buildSettings = {
				ASSETCATALOG_COMPILER_APPICON_NAME = AppIcon;
				ASSETCATALOG_COMPILER_GLOBAL_ACCENT_COLOR_NAME = AccentColor;
				CODE_SIGN_STYLE = Automatic;
				CURRENT_PROJECT_VERSION = 1;
				DEVELOPMENT_ASSET_PATHS = "\"WebService/Preview Content\"";
				DEVELOPMENT_TEAM = J566499KXW;
				ENABLE_PREVIEWS = YES;
				GENERATE_INFOPLIST_FILE = YES;
				INFOPLIST_FILE = WebService/Info.plist;
				INFOPLIST_KEY_CFBundleDisplayName = WebService;
				INFOPLIST_KEY_UIApplicationSceneManifest_Generation = YES;
				INFOPLIST_KEY_UIApplicationSupportsIndirectInputEvents = YES;
				INFOPLIST_KEY_UILaunchScreen_Generation = YES;
				INFOPLIST_KEY_UISupportedInterfaceOrientations_iPad = "UIInterfaceOrientationPortrait UIInterfaceOrientationPortraitUpsideDown UIInterfaceOrientationLandscapeLeft UIInterfaceOrientationLandscapeRight";
				INFOPLIST_KEY_UISupportedInterfaceOrientations_iPhone = "UIInterfaceOrientationPortrait UIInterfaceOrientationLandscapeLeft UIInterfaceOrientationLandscapeRight";
				LD_RUNPATH_SEARCH_PATHS = (
					"$(inherited)",
					"@executable_path/Frameworks",
				);
				MARKETING_VERSION = 1.0;
				PRODUCT_BUNDLE_IDENTIFIER = com.gomma.WebService;
				PRODUCT_NAME = "$(TARGET_NAME)";
				SWIFT_EMIT_LOC_STRINGS = YES;
				SWIFT_VERSION = 5.0;
				TARGETED_DEVICE_FAMILY = "1,2";
			};
			name = Release;
		};
/* End XCBuildConfiguration section */

/* Begin XCConfigurationList section */
		4E1920C527FC31D40028AC05 /* Build configuration list for PBXProject "WebService" */ = {
			isa = XCConfigurationList;
			buildConfigurations = (
				4E1920D627FC31D60028AC05 /* Debug */,
				4E1920D727FC31D60028AC05 /* Release */,
			);
			defaultConfigurationIsVisible = 0;
			defaultConfigurationName = Release;
		};
		4E1920D827FC31D60028AC05 /* Build configuration list for PBXNativeTarget "WebService" */ = {
			isa = XCConfigurationList;
			buildConfigurations = (
				4E1920D927FC31D60028AC05 /* Debug */,
				4E1920DA27FC31D60028AC05 /* Release */,
			);
			defaultConfigurationIsVisible = 0;
			defaultConfigurationName = Release;
		};
/* End XCConfigurationList section */

/* Begin XCRemoteSwiftPackageReference section */
		4EDEC2382804D35400AD6D4E /* XCRemoteSwiftPackageReference "Alamofire" */ = {
			isa = XCRemoteSwiftPackageReference;
			repositoryURL = "https://github.com/Alamofire/Alamofire.git";
			requirement = {
				kind = upToNextMajorVersion;
				minimumVersion = 5.0.0;
			};
		};
/* End XCRemoteSwiftPackageReference section */

/* Begin XCSwiftPackageProductDependency section */
		4EDEC2392804D35400AD6D4E /* Alamofire */ = {
			isa = XCSwiftPackageProductDependency;
			package = 4EDEC2382804D35400AD6D4E /* XCRemoteSwiftPackageReference "Alamofire" */;
			productName = Alamofire;
		};
/* End XCSwiftPackageProductDependency section */
	};
	rootObject = 4E1920C227FC31D40028AC05 /* Project object */;
}
